// !$*UTF8*$!
{
	archiveVersion = 1;
	classes = {
	};
	objectVersion = 46;
	objects = {

/* Begin PBXBuildFile section */
		00A85FF5188CE93E00EB190B /* Foundation.framework in Frameworks */ = {isa = PBXBuildFile; fileRef = 00A85FF4188CE93E00EB190B /* Foundation.framework */; };
		00A85FF7188CE93E00EB190B /* CoreGraphics.framework in Frameworks */ = {isa = PBXBuildFile; fileRef = 00A85FF6188CE93E00EB190B /* CoreGraphics.framework */; };
		00A85FF9188CE93E00EB190B /* UIKit.framework in Frameworks */ = {isa = PBXBuildFile; fileRef = 00A85FF8188CE93E00EB190B /* UIKit.framework */; };
		00A85FFF188CE93E00EB190B /* InfoPlist.strings in Resources */ = {isa = PBXBuildFile; fileRef = 00A85FFD188CE93E00EB190B /* InfoPlist.strings */; };
		00A86001188CE93E00EB190B /* main.m in Sources */ = {isa = PBXBuildFile; fileRef = 00A86000188CE93E00EB190B /* main.m */; };
		00A86005188CE93F00EB190B /* AppDelegate.m in Sources */ = {isa = PBXBuildFile; fileRef = 00A86004188CE93F00EB190B /* AppDelegate.m */; };
		00A86008188CE93F00EB190B /* Main.storyboard in Resources */ = {isa = PBXBuildFile; fileRef = 00A86006188CE93F00EB190B /* Main.storyboard */; };
		00A8600B188CE93F00EB190B /* ViewController.m in Sources */ = {isa = PBXBuildFile; fileRef = 00A8600A188CE93F00EB190B /* ViewController.m */; };
		00A8600D188CE93F00EB190B /* Images.xcassets in Resources */ = {isa = PBXBuildFile; fileRef = 00A8600C188CE93F00EB190B /* Images.xcassets */; };
		00A86014188CE93F00EB190B /* XCTest.framework in Frameworks */ = {isa = PBXBuildFile; fileRef = 00A86013188CE93F00EB190B /* XCTest.framework */; };
		00A86015188CE93F00EB190B /* Foundation.framework in Frameworks */ = {isa = PBXBuildFile; fileRef = 00A85FF4188CE93E00EB190B /* Foundation.framework */; };
		00A86016188CE93F00EB190B /* UIKit.framework in Frameworks */ = {isa = PBXBuildFile; fileRef = 00A85FF8188CE93E00EB190B /* UIKit.framework */; };
		00A8601E188CE93F00EB190B /* InfoPlist.strings in Resources */ = {isa = PBXBuildFile; fileRef = 00A8601C188CE93F00EB190B /* InfoPlist.strings */; };
		00A86020188CE93F00EB190B /* APNTestTests.m in Sources */ = {isa = PBXBuildFile; fileRef = 00A8601F188CE93F00EB190B /* APNTestTests.m */; };
		00A8602A188CF8F600EB190B /* AudioToolbox.framework in Frameworks */ = {isa = PBXBuildFile; fileRef = 00A86029188CF8F600EB190B /* AudioToolbox.framework */; };
		00A8602D188D138400EB190B /* MDViewController.m in Sources */ = {isa = PBXBuildFile; fileRef = 00A8602C188D138400EB190B /* MDViewController.m */; };
/* End PBXBuildFile section */

/* Begin PBXContainerItemProxy section */
		00A86017188CE93F00EB190B /* PBXContainerItemProxy */ = {
			isa = PBXContainerItemProxy;
			containerPortal = 00A85FE9188CE93E00EB190B /* Project object */;
			proxyType = 1;
			remoteGlobalIDString = 00A85FF0188CE93E00EB190B;
			remoteInfo = APNTest;
		};
/* End PBXContainerItemProxy section */

/* Begin PBXFileReference section */
		00A85FF1188CE93E00EB190B /* APNTest.app */ = {isa = PBXFileReference; explicitFileType = wrapper.application; includeInIndex = 0; path = APNTest.app; sourceTree = BUILT_PRODUCTS_DIR; };
		00A85FF4188CE93E00EB190B /* Foundation.framework */ = {isa = PBXFileReference; lastKnownFileType = wrapper.framework; name = Foundation.framework; path = System/Library/Frameworks/Foundation.framework; sourceTree = SDKROOT; };
		00A85FF6188CE93E00EB190B /* CoreGraphics.framework */ = {isa = PBXFileReference; lastKnownFileType = wrapper.framework; name = CoreGraphics.framework; path = System/Library/Frameworks/CoreGraphics.framework; sourceTree = SDKROOT; };
		00A85FF8188CE93E00EB190B /* UIKit.framework */ = {isa = PBXFileReference; lastKnownFileType = wrapper.framework; name = UIKit.framework; path = System/Library/Frameworks/UIKit.framework; sourceTree = SDKROOT; };
		00A85FFC188CE93E00EB190B /* APNTest-Info.plist */ = {isa = PBXFileReference; lastKnownFileType = text.plist.xml; path = "APNTest-Info.plist"; sourceTree = "<group>"; };
		00A85FFE188CE93E00EB190B /* en */ = {isa = PBXFileReference; lastKnownFileType = text.plist.strings; name = en; path = en.lproj/InfoPlist.strings; sourceTree = "<group>"; };
		00A86000188CE93E00EB190B /* main.m */ = {isa = PBXFileReference; lastKnownFileType = sourcecode.c.objc; path = main.m; sourceTree = "<group>"; };
		00A86002188CE93E00EB190B /* APNTest-Prefix.pch */ = {isa = PBXFileReference; lastKnownFileType = sourcecode.c.h; path = "APNTest-Prefix.pch"; sourceTree = "<group>"; };
		00A86003188CE93F00EB190B /* AppDelegate.h */ = {isa = PBXFileReference; lastKnownFileType = sourcecode.c.h; path = AppDelegate.h; sourceTree = "<group>"; };
		00A86004188CE93F00EB190B /* AppDelegate.m */ = {isa = PBXFileReference; lastKnownFileType = sourcecode.c.objc; path = AppDelegate.m; sourceTree = "<group>"; };
		00A86007188CE93F00EB190B /* Base */ = {isa = PBXFileReference; lastKnownFileType = file.storyboard; name = Base; path = Base.lproj/Main.storyboard; sourceTree = "<group>"; };
		00A86009188CE93F00EB190B /* ViewController.h */ = {isa = PBXFileReference; lastKnownFileType = sourcecode.c.h; path = ViewController.h; sourceTree = "<group>"; };
		00A8600A188CE93F00EB190B /* ViewController.m */ = {isa = PBXFileReference; lastKnownFileType = sourcecode.c.objc; path = ViewController.m; sourceTree = "<group>"; };
		00A8600C188CE93F00EB190B /* Images.xcassets */ = {isa = PBXFileReference; lastKnownFileType = folder.assetcatalog; path = Images.xcassets; sourceTree = "<group>"; };
		00A86012188CE93F00EB190B /* APNTestTests.xctest */ = {isa = PBXFileReference; explicitFileType = wrapper.cfbundle; includeInIndex = 0; path = APNTestTests.xctest; sourceTree = BUILT_PRODUCTS_DIR; };
		00A86013188CE93F00EB190B /* XCTest.framework */ = {isa = PBXFileReference; lastKnownFileType = wrapper.framework; name = XCTest.framework; path = Library/Frameworks/XCTest.framework; sourceTree = DEVELOPER_DIR; };
		00A8601B188CE93F00EB190B /* APNTestTests-Info.plist */ = {isa = PBXFileReference; lastKnownFileType = text.plist.xml; path = "APNTestTests-Info.plist"; sourceTree = "<group>"; };
		00A8601D188CE93F00EB190B /* en */ = {isa = PBXFileReference; lastKnownFileType = text.plist.strings; name = en; path = en.lproj/InfoPlist.strings; sourceTree = "<group>"; };
		00A8601F188CE93F00EB190B /* APNTestTests.m */ = {isa = PBXFileReference; lastKnownFileType = sourcecode.c.objc; path = APNTestTests.m; sourceTree = "<group>"; };
		00A86029188CF8F600EB190B /* AudioToolbox.framework */ = {isa = PBXFileReference; lastKnownFileType = wrapper.framework; name = AudioToolbox.framework; path = System/Library/Frameworks/AudioToolbox.framework; sourceTree = SDKROOT; };
		00A8602B188D138400EB190B /* MDViewController.h */ = {isa = PBXFileReference; fileEncoding = 4; lastKnownFileType = sourcecode.c.h; path = MDViewController.h; sourceTree = "<group>"; };
		00A8602C188D138400EB190B /* MDViewController.m */ = {isa = PBXFileReference; fileEncoding = 4; lastKnownFileType = sourcecode.c.objc; path = MDViewController.m; sourceTree = "<group>"; };
/* End PBXFileReference section */

/* Begin PBXFrameworksBuildPhase section */
		00A85FEE188CE93E00EB190B /* Frameworks */ = {
			isa = PBXFrameworksBuildPhase;
			buildActionMask = 2147483647;
			files = (
				00A8602A188CF8F600EB190B /* AudioToolbox.framework in Frameworks */,
				00A85FF7188CE93E00EB190B /* CoreGraphics.framework in Frameworks */,
				00A85FF9188CE93E00EB190B /* UIKit.framework in Frameworks */,
				00A85FF5188CE93E00EB190B /* Foundation.framework in Frameworks */,
			);
			runOnlyForDeploymentPostprocessing = 0;
		};
		00A8600F188CE93F00EB190B /* Frameworks */ = {
			isa = PBXFrameworksBuildPhase;
			buildActionMask = 2147483647;
			files = (
				00A86014188CE93F00EB190B /* XCTest.framework in Frameworks */,
				00A86016188CE93F00EB190B /* UIKit.framework in Frameworks */,
				00A86015188CE93F00EB190B /* Foundation.framework in Frameworks */,
			);
			runOnlyForDeploymentPostprocessing = 0;
		};
/* End PBXFrameworksBuildPhase section */

/* Begin PBXGroup section */
		00A85FE8188CE93E00EB190B = {
			isa = PBXGroup;
			children = (
				00A85FFA188CE93E00EB190B /* APNTest */,
				00A86019188CE93F00EB190B /* APNTestTests */,
				00A85FF3188CE93E00EB190B /* Frameworks */,
				00A85FF2188CE93E00EB190B /* Products */,
			);
			sourceTree = "<group>";
		};
		00A85FF2188CE93E00EB190B /* Products */ = {
			isa = PBXGroup;
			children = (
				00A85FF1188CE93E00EB190B /* APNTest.app */,
				00A86012188CE93F00EB190B /* APNTestTests.xctest */,
			);
			name = Products;
			sourceTree = "<group>";
		};
		00A85FF3188CE93E00EB190B /* Frameworks */ = {
			isa = PBXGroup;
			children = (
				00A86029188CF8F600EB190B /* AudioToolbox.framework */,
				00A85FF4188CE93E00EB190B /* Foundation.framework */,
				00A85FF6188CE93E00EB190B /* CoreGraphics.framework */,
				00A85FF8188CE93E00EB190B /* UIKit.framework */,
				00A86013188CE93F00EB190B /* XCTest.framework */,
			);
			name = Frameworks;
			sourceTree = "<group>";
		};
		00A85FFA188CE93E00EB190B /* APNTest */ = {
			isa = PBXGroup;
			children = (
				00A86003188CE93F00EB190B /* AppDelegate.h */,
				00A86004188CE93F00EB190B /* AppDelegate.m */,
				00A86006188CE93F00EB190B /* Main.storyboard */,
				00A86009188CE93F00EB190B /* ViewController.h */,
				00A8600A188CE93F00EB190B /* ViewController.m */,
				00A8600C188CE93F00EB190B /* Images.xcassets */,
				00A8602B188D138400EB190B /* MDViewController.h */,
				00A8602C188D138400EB190B /* MDViewController.m */,
				00A85FFB188CE93E00EB190B /* Supporting Files */,
			);
			path = APNTest;
			sourceTree = "<group>";
		};
		00A85FFB188CE93E00EB190B /* Supporting Files */ = {
			isa = PBXGroup;
			children = (
				00A85FFC188CE93E00EB190B /* APNTest-Info.plist */,
				00A85FFD188CE93E00EB190B /* InfoPlist.strings */,
				00A86000188CE93E00EB190B /* main.m */,
				00A86002188CE93E00EB190B /* APNTest-Prefix.pch */,
			);
			name = "Supporting Files";
			sourceTree = "<group>";
		};
		00A86019188CE93F00EB190B /* APNTestTests */ = {
			isa = PBXGroup;
			children = (
				00A8601F188CE93F00EB190B /* APNTestTests.m */,
				00A8601A188CE93F00EB190B /* Supporting Files */,
			);
			path = APNTestTests;
			sourceTree = "<group>";
		};
		00A8601A188CE93F00EB190B /* Supporting Files */ = {
			isa = PBXGroup;
			children = (
				00A8601B188CE93F00EB190B /* APNTestTests-Info.plist */,
				00A8601C188CE93F00EB190B /* InfoPlist.strings */,
			);
			name = "Supporting Files";
			sourceTree = "<group>";
		};
/* End PBXGroup section */

/* Begin PBXNativeTarget section */
		00A85FF0188CE93E00EB190B /* APNTest */ = {
			isa = PBXNativeTarget;
			buildConfigurationList = 00A86023188CE93F00EB190B /* Build configuration list for PBXNativeTarget "APNTest" */;
			buildPhases = (
				00A85FED188CE93E00EB190B /* Sources */,
				00A85FEE188CE93E00EB190B /* Frameworks */,
				00A85FEF188CE93E00EB190B /* Resources */,
			);
			buildRules = (
			);
			dependencies = (
			);
			name = APNTest;
			productName = APNTest;
			productReference = 00A85FF1188CE93E00EB190B /* APNTest.app */;
			productType = "com.apple.product-type.application";
		};
		00A86011188CE93F00EB190B /* APNTestTests */ = {
			isa = PBXNativeTarget;
			buildConfigurationList = 00A86026188CE93F00EB190B /* Build configuration list for PBXNativeTarget "APNTestTests" */;
			buildPhases = (
				00A8600E188CE93F00EB190B /* Sources */,
				00A8600F188CE93F00EB190B /* Frameworks */,
				00A86010188CE93F00EB190B /* Resources */,
			);
			buildRules = (
			);
			dependencies = (
				00A86018188CE93F00EB190B /* PBXTargetDependency */,
			);
			name = APNTestTests;
			productName = APNTestTests;
			productReference = 00A86012188CE93F00EB190B /* APNTestTests.xctest */;
			productType = "com.apple.product-type.bundle.unit-test";
		};
/* End PBXNativeTarget section */

/* Begin PBXProject section */
		00A85FE9188CE93E00EB190B /* Project object */ = {
			isa = PBXProject;
			attributes = {
				LastUpgradeCheck = 0500;
				ORGANIZATIONNAME = "SDT-1";
				TargetAttributes = {
					00A86011188CE93F00EB190B = {
						TestTargetID = 00A85FF0188CE93E00EB190B;
					};
				};
			};
			buildConfigurationList = 00A85FEC188CE93E00EB190B /* Build configuration list for PBXProject "APNTest" */;
			compatibilityVersion = "Xcode 3.2";
			developmentRegion = English;
			hasScannedForEncodings = 0;
			knownRegions = (
				en,
				Base,
			);
			mainGroup = 00A85FE8188CE93E00EB190B;
			productRefGroup = 00A85FF2188CE93E00EB190B /* Products */;
			projectDirPath = "";
			projectRoot = "";
			targets = (
				00A85FF0188CE93E00EB190B /* APNTest */,
				00A86011188CE93F00EB190B /* APNTestTests */,
			);
		};
/* End PBXProject section */

/* Begin PBXResourcesBuildPhase section */
		00A85FEF188CE93E00EB190B /* Resources */ = {
			isa = PBXResourcesBuildPhase;
			buildActionMask = 2147483647;
			files = (
				00A8600D188CE93F00EB190B /* Images.xcassets in Resources */,
				00A85FFF188CE93E00EB190B /* InfoPlist.strings in Resources */,
				00A86008188CE93F00EB190B /* Main.storyboard in Resources */,
			);
			runOnlyForDeploymentPostprocessing = 0;
		};
		00A86010188CE93F00EB190B /* Resources */ = {
			isa = PBXResourcesBuildPhase;
			buildActionMask = 2147483647;
			files = (
				00A8601E188CE93F00EB190B /* InfoPlist.strings in Resources */,
			);
			runOnlyForDeploymentPostprocessing = 0;
		};
/* End PBXResourcesBuildPhase section */

/* Begin PBXSourcesBuildPhase section */
		00A85FED188CE93E00EB190B /* Sources */ = {
			isa = PBXSourcesBuildPhase;
			buildActionMask = 2147483647;
			files = (
				00A8600B188CE93F00EB190B /* ViewController.m in Sources */,
				00A8602D188D138400EB190B /* MDViewController.m in Sources */,
				00A86005188CE93F00EB190B /* AppDelegate.m in Sources */,
				00A86001188CE93E00EB190B /* main.m in Sources */,
			);
			runOnlyForDeploymentPostprocessing = 0;
		};
		00A8600E188CE93F00EB190B /* Sources */ = {
			isa = PBXSourcesBuildPhase;
			buildActionMask = 2147483647;
			files = (
				00A86020188CE93F00EB190B /* APNTestTests.m in Sources */,
			);
			runOnlyForDeploymentPostprocessing = 0;
		};
/* End PBXSourcesBuildPhase section */

/* Begin PBXTargetDependency section */
		00A86018188CE93F00EB190B /* PBXTargetDependency */ = {
			isa = PBXTargetDependency;
			target = 00A85FF0188CE93E00EB190B /* APNTest */;
			targetProxy = 00A86017188CE93F00EB190B /* PBXContainerItemProxy */;
		};
/* End PBXTargetDependency section */

/* Begin PBXVariantGroup section */
		00A85FFD188CE93E00EB190B /* InfoPlist.strings */ = {
			isa = PBXVariantGroup;
			children = (
				00A85FFE188CE93E00EB190B /* en */,
			);
			name = InfoPlist.strings;
			sourceTree = "<group>";
		};
		00A86006188CE93F00EB190B /* Main.storyboard */ = {
			isa = PBXVariantGroup;
			children = (
				00A86007188CE93F00EB190B /* Base */,
			);
			name = Main.storyboard;
			sourceTree = "<group>";
		};
		00A8601C188CE93F00EB190B /* InfoPlist.strings */ = {
			isa = PBXVariantGroup;
			children = (
				00A8601D188CE93F00EB190B /* en */,
			);
			name = InfoPlist.strings;
			sourceTree = "<group>";
		};
/* End PBXVariantGroup section */

/* Begin XCBuildConfiguration section */
		00A86021188CE93F00EB190B /* Debug */ = {
			isa = XCBuildConfiguration;
			buildSettings = {
				ALWAYS_SEARCH_USER_PATHS = NO;
				ARCHS = "$(ARCHS_STANDARD_INCLUDING_64_BIT)";
				CLANG_CXX_LANGUAGE_STANDARD = "gnu++0x";
				CLANG_CXX_LIBRARY = "libc++";
				CLANG_ENABLE_MODULES = YES;
				CLANG_ENABLE_OBJC_ARC = YES;
				CLANG_WARN_BOOL_CONVERSION = YES;
				CLANG_WARN_CONSTANT_CONVERSION = YES;
				CLANG_WARN_DIRECT_OBJC_ISA_USAGE = YES_ERROR;
				CLANG_WARN_EMPTY_BODY = YES;
				CLANG_WARN_ENUM_CONVERSION = YES;
				CLANG_WARN_INT_CONVERSION = YES;
				CLANG_WARN_OBJC_ROOT_CLASS = YES_ERROR;
				CLANG_WARN__DUPLICATE_METHOD_MATCH = YES;
				"CODE_SIGN_IDENTITY[sdk=iphoneos*]" = "iPhone Developer";
				COPY_PHASE_STRIP = NO;
				GCC_C_LANGUAGE_STANDARD = gnu99;
				GCC_DYNAMIC_NO_PIC = NO;
				GCC_OPTIMIZATION_LEVEL = 0;
				GCC_PREPROCESSOR_DEFINITIONS = (
					"DEBUG=1",
					"$(inherited)",
				);
				GCC_SYMBOLS_PRIVATE_EXTERN = NO;
				GCC_WARN_64_TO_32_BIT_CONVERSION = YES;
				GCC_WARN_ABOUT_RETURN_TYPE = YES_ERROR;
				GCC_WARN_UNDECLARED_SELECTOR = YES;
				GCC_WARN_UNINITIALIZED_AUTOS = YES;
				GCC_WARN_UNUSED_FUNCTION = YES;
				GCC_WARN_UNUSED_VARIABLE = YES;
				IPHONEOS_DEPLOYMENT_TARGET = 7.0;
				ONLY_ACTIVE_ARCH = YES;
				SDKROOT = iphoneos;
			};
			name = Debug;
		};
		00A86022188CE93F00EB190B /* Release */ = {
			isa = XCBuildConfiguration;
			buildSettings = {
				ALWAYS_SEARCH_USER_PATHS = NO;
				ARCHS = "$(ARCHS_STANDARD_INCLUDING_64_BIT)";
				CLANG_CXX_LANGUAGE_STANDARD = "gnu++0x";
				CLANG_CXX_LIBRARY = "libc++";
				CLANG_ENABLE_MODULES = YES;
				CLANG_ENABLE_OBJC_ARC = YES;
				CLANG_WARN_BOOL_CONVERSION = YES;
				CLANG_WARN_CONSTANT_CONVERSION = YES;
				CLANG_WARN_DIRECT_OBJC_ISA_USAGE = YES_ERROR;
				CLANG_WARN_EMPTY_BODY = YES;
				CLANG_WARN_ENUM_CONVERSION = YES;
				CLANG_WARN_INT_CONVERSION = YES;
				CLANG_WARN_OBJC_ROOT_CLASS = YES_ERROR;
				CLANG_WARN__DUPLICATE_METHOD_MATCH = YES;
				"CODE_SIGN_IDENTITY[sdk=iphoneos*]" = "iPhone Developer";
				COPY_PHASE_STRIP = YES;
				ENABLE_NS_ASSERTIONS = NO;
				GCC_C_LANGUAGE_STANDARD = gnu99;
				GCC_WARN_64_TO_32_BIT_CONVERSION = YES;
				GCC_WARN_ABOUT_RETURN_TYPE = YES_ERROR;
				GCC_WARN_UNDECLARED_SELECTOR = YES;
				GCC_WARN_UNINITIALIZED_AUTOS = YES;
				GCC_WARN_UNUSED_FUNCTION = YES;
				GCC_WARN_UNUSED_VARIABLE = YES;
				IPHONEOS_DEPLOYMENT_TARGET = 7.0;
				SDKROOT = iphoneos;
				VALIDATE_PRODUCT = YES;
			};
			name = Release;
		};
		00A86024188CE93F00EB190B /* Debug */ = {
			isa = XCBuildConfiguration;
			buildSettings = {
				ASSETCATALOG_COMPILER_APPICON_NAME = AppIcon;
				ASSETCATALOG_COMPILER_LAUNCHIMAGE_NAME = LaunchImage;
				GCC_PRECOMPILE_PREFIX_HEADER = YES;
				GCC_PREFIX_HEADER = "APNTest/APNTest-Prefix.pch";
				INFOPLIST_FILE = "APNTest/APNTest-Info.plist";
				PRODUCT_NAME = "$(TARGET_NAME)";
				TARGETED_DEVICE_FAMILY = 1;
				WRAPPER_EXTENSION = app;
			};
			name = Debug;
		};
		00A86025188CE93F00EB190B /* Release */ = {
			isa = XCBuildConfiguration;
			buildSettings = {
				ASSETCATALOG_COMPILER_APPICON_NAME = AppIcon;
				ASSETCATALOG_COMPILER_LAUNCHIMAGE_NAME = LaunchImage;
				GCC_PRECOMPILE_PREFIX_HEADER = YES;
				GCC_PREFIX_HEADER = "APNTest/APNTest-Prefix.pch";
				INFOPLIST_FILE = "APNTest/APNTest-Info.plist";
				PRODUCT_NAME = "$(TARGET_NAME)";
				TARGETED_DEVICE_FAMILY = 1;
				WRAPPER_EXTENSION = app;
			};
			name = Release;
		};
		00A86027188CE93F00EB190B /* Debug */ = {
			isa = XCBuildConfiguration;
			buildSettings = {
				ARCHS = "$(ARCHS_STANDARD_INCLUDING_64_BIT)";
				BUNDLE_LOADER = "$(BUILT_PRODUCTS_DIR)/APNTest.app/APNTest";
				FRAMEWORK_SEARCH_PATHS = (
					"$(SDKROOT)/Developer/Library/Frameworks",
					"$(inherited)",
					"$(DEVELOPER_FRAMEWORKS_DIR)",
				);
				GCC_PRECOMPILE_PREFIX_HEADER = YES;
				GCC_PREFIX_HEADER = "APNTest/APNTest-Prefix.pch";
				GCC_PREPROCESSOR_DEFINITIONS = (
					"DEBUG=1",
					"$(inherited)",
				);
				INFOPLIST_FILE = "APNTestTests/APNTestTests-Info.plist";
				PRODUCT_NAME = "$(TARGET_NAME)";
				TEST_HOST = "$(BUNDLE_LOADER)";
				WRAPPER_EXTENSION = xctest;
			};
			name = Debug;
		};
		00A86028188CE93F00EB190B /* Release */ = {
			isa = XCBuildConfiguration;
			buildSettings = {
				ARCHS = "$(ARCHS_STANDARD_INCLUDING_64_BIT)";
				BUNDLE_LOADER = "$(BUILT_PRODUCTS_DIR)/APNTest.app/APNTest";
				FRAMEWORK_SEARCH_PATHS = (
					"$(SDKROOT)/Developer/Library/Frameworks",
					"$(inherited)",
					"$(DEVELOPER_FRAMEWORKS_DIR)",
				);
				GCC_PRECOMPILE_PREFIX_HEADER = YES;
				GCC_PREFIX_HEADER = "APNTest/APNTest-Prefix.pch";
				INFOPLIST_FILE = "APNTestTests/APNTestTests-Info.plist";
				PRODUCT_NAME = "$(TARGET_NAME)";
				TEST_HOST = "$(BUNDLE_LOADER)";
				WRAPPER_EXTENSION = xctest;
			};
			name = Release;
		};
/* End XCBuildConfiguration section */

/* Begin XCConfigurationList section */
		00A85FEC188CE93E00EB190B /* Build configuration list for PBXProject "APNTest" */ = {
			isa = XCConfigurationList;
			buildConfigurations = (
				00A86021188CE93F00EB190B /* Debug */,
				00A86022188CE93F00EB190B /* Release */,
			);
			defaultConfigurationIsVisible = 0;
			defaultConfigurationName = Release;
		};
		00A86023188CE93F00EB190B /* Build configuration list for PBXNativeTarget "APNTest" */ = {
			isa = XCConfigurationList;
			buildConfigurations = (
				00A86024188CE93F00EB190B /* Debug */,
				00A86025188CE93F00EB190B /* Release */,
			);
			defaultConfigurationIsVisible = 0;
		};
		00A86026188CE93F00EB190B /* Build configuration list for PBXNativeTarget "APNTestTests" */ = {
			isa = XCConfigurationList;
			buildConfigurations = (
				00A86027188CE93F00EB190B /* Debug */,
				00A86028188CE93F00EB190B /* Release */,
			);
			defaultConfigurationIsVisible = 0;
		};
/* End XCConfigurationList section */
	};
	rootObject = 00A85FE9188CE93E00EB190B /* Project object */;
}
